
Microsoft Visual Studio Solution File, Format Version 12.00
# Visual Studio 2012
Project("{FAE04EC0-301F-11D3-BF4B-00C04F79EFBC}") = "SearchAndReplace", "SearchAndReplace\SearchAndReplace.csproj", "{D68C7801-BE0A-4BC9-9532-0648780321E1}"
EndProject
Project("{FAE04EC0-301F-11D3-BF4B-00C04F79EFBC}") = "SearchAndReplaceTests", "SearchAndReplaceTests\SearchAndReplaceTests.csproj", "{59DD6B5A-3028-48E6-9531-40903B66486E}"
EndProject
Global
	GlobalSection(SolutionConfigurationPlatforms) = preSolution
		Debug|Any CPU = Debug|Any CPU
		Release|Any CPU = Release|Any CPU
	EndGlobalSection
	GlobalSection(ProjectConfigurationPlatforms) = postSolution
		{D68C7801-BE0A-4BC9-9532-0648780321E1}.Debug|Any CPU.ActiveCfg = Debug|Any CPU
		{D68C7801-BE0A-4BC9-9532-0648780321E1}.Debug|Any CPU.Build.0 = Debug|Any CPU
		{D68C7801-BE0A-4BC9-9532-0648780321E1}.Release|Any CPU.ActiveCfg = Release|Any CPU
		{D68C7801-BE0A-4BC9-9532-0648780321E1}.Release|Any CPU.Build.0 = Release|Any CPU
		{59DD6B5A-3028-48E6-9531-40903B66486E}.Debug|Any CPU.ActiveCfg = Debug|Any CPU
		{59DD6B5A-3028-48E6-9531-40903B66486E}.Debug|Any CPU.Build.0 = Debug|Any CPU
		{59DD6B5A-3028-48E6-9531-40903B66486E}.Release|Any CPU.ActiveCfg = Release|Any CPU
		{59DD6B5A-3028-48E6-9531-40903B66486E}.Release|Any CPU.Build.0 = Release|Any CPU
	EndGlobalSection
	GlobalSection(SolutionProperties) = preSolution
		HideSolutionNode = FALSE
	EndGlobalSection
EndGlobal
